{
  "name": "era",
  "lockfileVersion": 3,
  "requires": true,
  "packages": {
    "": {
      "dependencies": {
        "filbert": "^0.1.20"
      }
    },
    "node_modules/filbert": {
      "version": "0.1.20",
      "resolved": "https://registry.npmmirror.com/filbert/-/filbert-0.1.20.tgz",
      "integrity": "sha512-Zv/XcF3GRd6PD4lyXYn8nyZQVhIlR9ih/oYZifiiG7QznA06F4LRspN8HWyTCmA9SfFbaFQk/DT2LTO5r2Tu3w==",
      "engines": {
        "node": ">=0.4.0"
      }
    }
  }
}
